PODS:
  - Stripe (22.8.4):
    - Stripe/Stripe3DS2 (= 22.8.4)
    - StripeApplePay (= 22.8.4)
    - StripeCore (= 22.8.4)
    - StripeUICore (= 22.8.4)
  - Stripe/Stripe3DS2 (22.8.4):
    - StripeApplePay (= 22.8.4)
    - StripeCore (= 22.8.4)
    - StripeUICore (= 22.8.4)
  - StripeApplePay (22.8.4):
    - StripeCore (= 22.8.4)
  - StripeCore (22.8.4)
  - StripeUICore (22.8.4):
    - StripeCore (= 22.8.4)

DEPENDENCIES:
  - Stripe

SPEC REPOS:
  trunk:
    - Stripe
    - StripeApplePay
    - StripeCore
    - StripeUICore

SPEC CHECKSUMS:
  Stripe: 59f6659e8ea413def19c97c57e23f5ec6ea48cf8
  StripeApplePay: 6e9aebd3d248464836e9fbdaef6e5fb1817d56a6
  StripeCore: 193f27552fb98108ebfe0df11651fe5f38948305
  StripeUICore: 6a5bbea0164d63bd91000f001903e7901859e1a4

PODFILE CHECKSUM: 71d3610dbd96daaba8f53a94abe68c6804b6549f

COCOAPODS: 1.11.3
